
Microsoft Visual Studio Solution File, Format Version 12.00
# Visual Studio 14
VisualStudioVersion = 14.0.25420.1
MinimumVisualStudioVersion = 10.0.40219.1
Project("{FAE04EC0-301F-11D3-BF4B-00C04F79EFBC}") = "pansonicPLC Test", "pansonicPLC Test\pansonicPLC Test.csproj", "{A3A6D2DB-09CD-4F9D-B043-DEEF3ABB4BA4}"
EndProject
Project("{FAE04EC0-301F-11D3-BF4B-00C04F79EFBC}") = "pansonic", "pansonic\pansonic.csproj", "{DE75FBB0-267F-4FF5-B834-5E3B4243CFCE}"
EndProject
Global
	GlobalSection(SolutionConfigurationPlatforms) = preSolution
		Debug|Any CPU = Debug|Any CPU
		Release|Any CPU = Release|Any CPU
	EndGlobalSection
	GlobalSection(ProjectConfigurationPlatforms) = postSolution
		{A3A6D2DB-09CD-4F9D-B043-DEEF3ABB4BA4}.Debug|Any CPU.ActiveCfg = Debug|Any CPU
		{A3A6D2DB-09CD-4F9D-B043-DEEF3ABB4BA4}.Debug|Any CPU.Build.0 = Debug|Any CPU
		{A3A6D2DB-09CD-4F9D-B043-DEEF3ABB4BA4}.Release|Any CPU.ActiveCfg = Release|Any CPU
		{A3A6D2DB-09CD-4F9D-B043-DEEF3ABB4BA4}.Release|Any CPU.Build.0 = Release|Any CPU
		{DE75FBB0-267F-4FF5-B834-5E3B4243CFCE}.Debug|Any CPU.ActiveCfg = Debug|Any CPU
		{DE75FBB0-267F-4FF5-B834-5E3B4243CFCE}.Debug|Any CPU.Build.0 = Debug|Any CPU
		{DE75FBB0-267F-4FF5-B834-5E3B4243CFCE}.Release|Any CPU.ActiveCfg = Release|Any CPU
		{DE75FBB0-267F-4FF5-B834-5E3B4243CFCE}.Release|Any CPU.Build.0 = Release|Any CPU
	EndGlobalSection
	GlobalSection(SolutionProperties) = preSolution
		HideSolutionNode = FALSE
	EndGlobalSection
EndGlobal
